# Generated by pub
# See http://pub.dartlang.org/doc/glossary.html#lockfile
packages:
  args:
    description: args
    source: hosted
    version: "0.12.2+6"
  build_tools:
    description: build_tools
    source: hosted
    version: "0.0.8"
  caller_info:
    description: caller_info
    source: hosted
    version: "0.0.9"
  ccompilers:
    description: ccompilers
    source: hosted
    version: "0.2.10"
  file_utils:
    description: file_utils
    source: hosted
    version: "0.0.23"
  globbing:
    description: globbing
    source: hosted
    version: "0.1.20"
  logging:
    description: logging
    source: hosted
    version: "0.9.3"
  path:
    description: path
    source: hosted
    version: "1.3.3"
  patsubst:
    description:
      ref: null
      resolved-ref: "011ccb9d25339e74d288f7583f5f932bdfe73d07"
      url: "https://github.com/mezoni/patsubst.git"
    source: git
    version: "0.0.9"
  system_info:
    description: system_info
    source: hosted
    version: "0.0.14"
